
Microsoft Visual Studio Solution File, Format Version 12.00
# Visual Studio Version 16
VisualStudioVersion = 16.0.29806.167
MinimumVisualStudioVersion = 10.0.40219.1
Project("{FAE04EC0-301F-11D3-BF4B-00C04F79EFBC}") = "Assignment3_NGK", "Assignment3_NGK\Assignment3_NGK.csproj", "{2D66FD1A-E37E-4553-B76A-4AEB0B1426E9}"
EndProject
Global
	GlobalSection(SolutionConfigurationPlatforms) = preSolution
		Debug|Any CPU = Debug|Any CPU
		Release|Any CPU = Release|Any CPU
	EndGlobalSection
	GlobalSection(ProjectConfigurationPlatforms) = postSolution
		{2D66FD1A-E37E-4553-B76A-4AEB0B1426E9}.Debug|Any CPU.ActiveCfg = Debug|Any CPU
		{2D66FD1A-E37E-4553-B76A-4AEB0B1426E9}.Debug|Any CPU.Build.0 = Debug|Any CPU
		{2D66FD1A-E37E-4553-B76A-4AEB0B1426E9}.Release|Any CPU.ActiveCfg = Release|Any CPU
		{2D66FD1A-E37E-4553-B76A-4AEB0B1426E9}.Release|Any CPU.Build.0 = Release|Any CPU
	EndGlobalSection
	GlobalSection(SolutionProperties) = preSolution
		HideSolutionNode = FALSE
	EndGlobalSection
	GlobalSection(ExtensibilityGlobals) = postSolution
		SolutionGuid = {4E3E5E80-20F0-4D75-8EFC-946C0D4F1DB6}
	EndGlobalSection
EndGlobal
